hash: 13875561756dce1201051f16d3bdbc22cccc1d5f0fa0c7968490304800dad353
updated: 2018-05-13T19:09:27.98413193+02:00
imports:
- name: github.com/go-yaml/yaml
  version: 5420a8b6744d3b0345ab293f6fcba19c978f1183
- name: github.com/urfave/cli
  version: cfb38830724cc34fedffe9a2a29fb54fa9169cd1
testImports: []
